<?xml version="1.0" encoding="utf-8"?>
<Project ToolsVersion="4.0" xmlns="http://schemas.microsoft.com/developer/msbuild/2003">
  <ItemGroup>
    <Filter Include="源文件">
      <UniqueIdentifier>{4FC737F1-C7A5-4376-A066-2A32D752A2FF}</UniqueIdentifier>
      <Extensions>cpp;c;cc;cxx;def;odl;idl;hpj;bat;asm;asmx</Extensions>
    </Filter>
    <Filter Include="头文件">
      <UniqueIdentifier>{93995380-89BD-4b04-88EB-625FBE52EBFB}</UniqueIdentifier>
      <Extensions>h;hh;hpp;hxx;hm;inl;inc;xsd</Extensions>
    </Filter>
    <Filter Include="资源文件">
      <UniqueIdentifier>{67DA6AB6-F800-4c08-8B7A-83BB121AAD01}</UniqueIdentifier>
      <Extensions>rc;ico;cur;bmp;dlg;rc2;rct;bin;rgs;gif;jpg;jpeg;jpe;resx;tiff;tif;png;wav;mfcribbon-ms</Extensions>
    </Filter>
    <Filter Include="FX">
      <UniqueIdentifier>{72d5cdcc-7b8a-42af-bb01-cb1e98278b59}</UniqueIdentifier>
    </Filter>
    <Filter Include="Common">
      <UniqueIdentifier>{caf785ab-ca0b-4cd5-9d56-4e9e12bb830d}</UniqueIdentifier>
    </Filter>
    <Filter Include="头文件\DX11Apps">
      <UniqueIdentifier>{cb54a1f7-5273-4fd8-8235-67d02d2b645b}</UniqueIdentifier>
    </Filter>
    <Filter Include="源文件\DX11Apps">
      <UniqueIdentifier>{afd68e3b-493e-4472-98fc-1260c978849b}</UniqueIdentifier>
    </Filter>
    <Filter Include="头文件\BasicShape">
      <UniqueIdentifier>{3c6be90f-96d8-47e2-bd28-76550a0a41a1}</UniqueIdentifier>
    </Filter>
    <Filter Include="源文件\BasicShape">
      <UniqueIdentifier>{904d5496-1f06-43f9-8764-00258a1474b5}</UniqueIdentifier>
    </Filter>
    <Filter Include="头文件\Utilities">
      <UniqueIdentifier>{dc4344cc-38fb-43a6-87c7-cd54f1b42cc6}</UniqueIdentifier>
    </Filter>
    <Filter Include="源文件\Utilities">
      <UniqueIdentifier>{e192618b-26a5-4a18-b3c3-b7cf8657eb63}</UniqueIdentifier>
    </Filter>
    <Filter Include="Models">
      <UniqueIdentifier>{0057fd48-0cad-4188-9aad-5a078e267b45}</UniqueIdentifier>
    </Filter>
    <Filter Include="Textures">
      <UniqueIdentifier>{4464c4f9-ff6c-4813-88d5-678cf8a7b8d5}</UniqueIdentifier>
    </Filter>
    <Filter Include="Textures\FireAnim">
      <UniqueIdentifier>{0701ec20-926a-461a-b227-e15be3f6ab86}</UniqueIdentifier>
    </Filter>
    <Filter Include="Common\DirectXTK">
      <UniqueIdentifier>{a9b31b73-10b2-47c4-9231-4b70e3abfbd7}</UniqueIdentifier>
    </Filter>
    <Filter Include="Common\DirectXTK\Inc">
      <UniqueIdentifier>{3c6d68ec-b818-4ae2-aca6-88ca231806af}</UniqueIdentifier>
    </Filter>
  </ItemGroup>
  <ItemGroup>
    <ClCompile Include="..\Common\dxerr.cpp">
      <Filter>Common</Filter>
    </ClCompile>
    <ClCompile Include="MyTest.cpp">
      <Filter>源文件</Filter>
    </ClCompile>
    <ClCompile Include="BasicShape\GeoSphere.cpp">
      <Filter>源文件\BasicShape</Filter>
    </ClCompile>
    <ClCompile Include="BasicShape\Cylinder.cpp">
      <Filter>源文件\BasicShape</Filter>
    </ClCompile>
    <ClCompile Include="BasicShape\BasicSquareCone.cpp">
      <Filter>源文件\BasicShape</Filter>
    </ClCompile>
    <ClCompile Include="BasicShape\BasicShape.cpp">
      <Filter>源文件\BasicShape</Filter>
    </ClCompile>
    <ClCompile Include="BasicShape\BasicCube.cpp">
      <Filter>源文件\BasicShape</Filter>
    </ClCompile>
    <ClCompile Include="BasicShape\SimpleMesh.cpp">
      <Filter>源文件\BasicShape</Filter>
    </ClCompile>
    <ClCompile Include="BasicShape\SimpleTerrain.cpp">
      <Filter>源文件\BasicShape</Filter>
    </ClCompile>
    <ClCompile Include="BasicShape\Sphere.cpp">
      <Filter>源文件\BasicShape</Filter>
    </ClCompile>
    <ClCompile Include="DirectXApp\Camera.cpp">
      <Filter>源文件\DX11Apps</Filter>
    </ClCompile>
    <ClCompile Include="DirectXApp\DirectXApp.cpp">
      <Filter>源文件\DX11Apps</Filter>
    </ClCompile>
    <ClCompile Include="DirectXApp\Win32Entry.cpp">
      <Filter>源文件\DX11Apps</Filter>
    </ClCompile>
    <ClCompile Include="DirectXApp\SimpleScene.cpp">
      <Filter>源文件\DX11Apps</Filter>
    </ClCompile>
    <ClCompile Include="Utilities\GameTimer.cpp">
      <Filter>源文件\Utilities</Filter>
    </ClCompile>
    <ClCompile Include="Utilities\SimpleMath.cpp">
      <Filter>源文件\Utilities</Filter>
    </ClCompile>
    <ClCompile Include="Utilities\WindowsApp.cpp">
      <Filter>源文件\Utilities</Filter>
    </ClCompile>
    <ClCompile Include="BasicShape\WaveTerrain.cpp">
      <Filter>源文件\BasicShape</Filter>
    </ClCompile>
    <ClCompile Include="DirectXApp\WaveScene.cpp">
      <Filter>源文件\DX11Apps</Filter>
    </ClCompile>
    <ClCompile Include="DirectXApp\ShaderEffect.cpp">
      <Filter>源文件\DX11Apps</Filter>
    </ClCompile>
    <ClCompile Include="BasicShape\RotateFlame.cpp">
      <Filter>源文件\BasicShape</Filter>
    </ClCompile>
    <ClCompile Include="BasicShape\BlendFlame.cpp">
      <Filter>源文件\BasicShape</Filter>
    </ClCompile>
    <ClCompile Include="BasicShape\Billboard.cpp">
      <Filter>源文件\BasicShape</Filter>
    </ClCompile>
    <ClCompile Include="DirectXApp\TessellationHillScene.cpp">
      <Filter>源文件\DX11Apps</Filter>
    </ClCompile>
    <ClCompile Include="BasicShape\BasicQuad.cpp">
      <Filter>源文件\BasicShape</Filter>
    </ClCompile>
  </ItemGroup>
  <ItemGroup>
    <ClInclude Include="..\Common\d3dx11effect.h">
      <Filter>Common</Filter>
    </ClInclude>
    <ClInclude Include="..\Common\DirectXMesh.h">
      <Filter>Common</Filter>
    </ClInclude>
    <ClInclude Include="..\Common\dxerr.h">
      <Filter>Common</Filter>
    </ClInclude>
    <ClInclude Include="..\Common\scoped.h">
      <Filter>Common</Filter>
    </ClInclude>
    <ClInclude Include="BasicShape\BasicCube.h">
      <Filter>头文件\BasicShape</Filter>
    </ClInclude>
    <ClInclude Include="BasicShape\BasicShape.h">
      <Filter>头文件\BasicShape</Filter>
    </ClInclude>
    <ClInclude Include="BasicShape\BasicSquareCone.h">
      <Filter>头文件\BasicShape</Filter>
    </ClInclude>
    <ClInclude Include="BasicShape\Cylinder.h">
      <Filter>头文件\BasicShape</Filter>
    </ClInclude>
    <ClInclude Include="BasicShape\GeoSphere.h">
      <Filter>头文件\BasicShape</Filter>
    </ClInclude>
    <ClInclude Include="BasicShape\SimpleMesh.h">
      <Filter>头文件\BasicShape</Filter>
    </ClInclude>
    <ClInclude Include="BasicShape\SimpleTerrain.h">
      <Filter>头文件\BasicShape</Filter>
    </ClInclude>
    <ClInclude Include="BasicShape\Sphere.h">
      <Filter>头文件\BasicShape</Filter>
    </ClInclude>
    <ClInclude Include="DirectXApp\DirectXApp.h">
      <Filter>头文件\DX11Apps</Filter>
    </ClInclude>
    <ClInclude Include="DirectXApp\Camera.h">
      <Filter>头文件\DX11Apps</Filter>
    </ClInclude>
    <ClInclude Include="DirectXApp\SimpleScene.h">
      <Filter>头文件\DX11Apps</Filter>
    </ClInclude>
    <ClInclude Include="Utilities\CommonHeader.h">
      <Filter>头文件\Utilities</Filter>
    </ClInclude>
    <ClInclude Include="Utilities\GameTimer.h">
      <Filter>头文件\Utilities</Filter>
    </ClInclude>
    <ClInclude Include="Utilities\SimpleMath.h">
      <Filter>头文件\Utilities</Filter>
    </ClInclude>
    <ClInclude Include="Utilities\Utilities.h">
      <Filter>头文件\Utilities</Filter>
    </ClInclude>
    <ClInclude Include="Utilities\WindowsApp.h">
      <Filter>头文件\Utilities</Filter>
    </ClInclude>
    <ClInclude Include="BasicShape\WaveTerrain.h">
      <Filter>头文件\BasicShape</Filter>
    </ClInclude>
    <ClInclude Include="DirectXApp\WaveScene.h">
      <Filter>头文件\DX11Apps</Filter>
    </ClInclude>
    <ClInclude Include="DirectXApp\Lights.h">
      <Filter>头文件\DX11Apps</Filter>
    </ClInclude>
    <ClInclude Include="DirectXApp\ShaderEffect.h">
      <Filter>头文件\DX11Apps</Filter>
    </ClInclude>
    <ClInclude Include="..\Common\DirectXTK\Inc\Audio.h">
      <Filter>Common\DirectXTK\Inc</Filter>
    </ClInclude>
    <ClInclude Include="..\Common\DirectXTK\Inc\CommonStates.h">
      <Filter>Common\DirectXTK\Inc</Filter>
    </ClInclude>
    <ClInclude Include="..\Common\DirectXTK\Inc\DDSTextureLoader.h">
      <Filter>Common\DirectXTK\Inc</Filter>
    </ClInclude>
    <ClInclude Include="..\Common\DirectXTK\Inc\DirectXHelpers.h">
      <Filter>Common\DirectXTK\Inc</Filter>
    </ClInclude>
    <ClInclude Include="..\Common\DirectXTK\Inc\Effects.h">
      <Filter>Common\DirectXTK\Inc</Filter>
    </ClInclude>
    <ClInclude Include="..\Common\DirectXTK\Inc\GamePad.h">
      <Filter>Common\DirectXTK\Inc</Filter>
    </ClInclude>
    <ClInclude Include="..\Common\DirectXTK\Inc\GeometricPrimitive.h">
      <Filter>Common\DirectXTK\Inc</Filter>
    </ClInclude>
    <ClInclude Include="..\Common\DirectXTK\Inc\GraphicsMemory.h">
      <Filter>Common\DirectXTK\Inc</Filter>
    </ClInclude>
    <ClInclude Include="..\Common\DirectXTK\Inc\Keyboard.h">
      <Filter>Common\DirectXTK\Inc</Filter>
    </ClInclude>
    <ClInclude Include="..\Common\DirectXTK\Inc\Model.h">
      <Filter>Common\DirectXTK\Inc</Filter>
    </ClInclude>
    <ClInclude Include="..\Common\DirectXTK\Inc\Mouse.h">
      <Filter>Common\DirectXTK\Inc</Filter>
    </ClInclude>
    <ClInclude Include="..\Common\DirectXTK\Inc\PrimitiveBatch.h">
      <Filter>Common\DirectXTK\Inc</Filter>
    </ClInclude>
    <ClInclude Include="..\Common\DirectXTK\Inc\ScreenGrab.h">
      <Filter>Common\DirectXTK\Inc</Filter>
    </ClInclude>
    <ClInclude Include="..\Common\DirectXTK\Inc\SimpleMath.h">
      <Filter>Common\DirectXTK\Inc</Filter>
    </ClInclude>
    <ClInclude Include="..\Common\DirectXTK\Inc\SpriteBatch.h">
      <Filter>Common\DirectXTK\Inc</Filter>
    </ClInclude>
    <ClInclude Include="..\Common\DirectXTK\Inc\SpriteFont.h">
      <Filter>Common\DirectXTK\Inc</Filter>
    </ClInclude>
    <ClInclude Include="..\Common\DirectXTK\Inc\VertexTypes.h">
      <Filter>Common\DirectXTK\Inc</Filter>
    </ClInclude>
    <ClInclude Include="..\Common\DirectXTK\Inc\WICTextureLoader.h">
      <Filter>Common\DirectXTK\Inc</Filter>
    </ClInclude>
    <ClInclude Include="..\Common\DirectXTK\Inc\XboxDDSTextureLoader.h">
      <Filter>Common\DirectXTK\Inc</Filter>
    </ClInclude>
    <ClInclude Include="BasicShape\RotateFlame.h">
      <Filter>头文件\BasicShape</Filter>
    </ClInclude>
    <ClInclude Include="BasicShape\BlendFlame.h">
      <Filter>头文件\BasicShape</Filter>
    </ClInclude>
    <ClInclude Include="BasicShape\Billboard.h">
      <Filter>头文件\BasicShape</Filter>
    </ClInclude>
    <ClInclude Include="DirectXApp\TessellationHillScene.h">
      <Filter>头文件\DX11Apps</Filter>
    </ClInclude>
    <ClInclude Include="BasicShape\BasicQuad.h">
      <Filter>头文件\BasicShape</Filter>
    </ClInclude>
  </ItemGroup>
  <ItemGroup>
    <CustomBuild Include="FX\LitShader.fx">
      <Filter>FX</Filter>
    </CustomBuild>
    <CustomBuild Include="FX\BlendShader.fx">
      <Filter>FX</Filter>
    </CustomBuild>
    <CustomBuild Include="FX\RotateFlame.fx">
      <Filter>FX</Filter>
    </CustomBuild>
    <CustomBuild Include="FX\ClipShader.fx">
      <Filter>FX</Filter>
    </CustomBuild>
    <CustomBuild Include="FX\GeoShader.fx">
      <Filter>FX</Filter>
    </CustomBuild>
    <CustomBuild Include="FX\DebugShader.fx">
      <Filter>FX</Filter>
    </CustomBuild>
    <CustomBuild Include="FX\TessellationShader.fx">
      <Filter>FX</Filter>
    </CustomBuild>
  </ItemGroup>
  <ItemGroup>
    <Text Include="Models\car.txt">
      <Filter>Models</Filter>
    </Text>
    <Text Include="Models\skull.txt">
      <Filter>Models</Filter>
    </Text>
  </ItemGroup>
  <ItemGroup>
    <None Include="FX\Lights.fx">
      <Filter>FX</Filter>
    </None>
    <None Include="..\Common\DirectXTK\Inc\SimpleMath.inl">
      <Filter>Common\DirectXTK\Inc</Filter>
    </None>
  </ItemGroup>
  <ItemGroup>
    <Image Include="Textures\darkbrick.bmp">
      <Filter>Textures</Filter>
    </Image>
    <Image Include="Textures\darkbrickdxt1.dds">
      <Filter>Textures</Filter>
    </Image>
    <Image Include="Textures\WoodCrate01.dds">
      <Filter>Textures</Filter>
    </Image>
    <Image Include="Textures\WoodCrate02.dds">
      <Filter>Textures</Filter>
    </Image>
    <Image Include="Textures\water2.dds">
      <Filter>Textures</Filter>
    </Image>
    <Image Include="Textures\grass.dds">
      <Filter>Textures</Filter>
    </Image>
    <Image Include="Textures\water1.dds">
      <Filter>Textures</Filter>
    </Image>
    <Image Include="Textures\flare.dds">
      <Filter>Textures</Filter>
    </Image>
    <Image Include="Textures\flarealpha.dds">
      <Filter>Textures</Filter>
    </Image>
    <Image Include="Textures\FireAnim\Fire001.bmp">
      <Filter>Textures\FireAnim</Filter>
    </Image>
    <Image Include="Textures\FireAnim\Fire002.bmp">
      <Filter>Textures\FireAnim</Filter>
    </Image>
    <Image Include="Textures\FireAnim\Fire003.bmp">
      <Filter>Textures\FireAnim</Filter>
    </Image>
    <Image Include="Textures\FireAnim\Fire004.bmp">
      <Filter>Textures\FireAnim</Filter>
    </Image>
    <Image Include="Textures\FireAnim\Fire005.bmp">
      <Filter>Textures\FireAnim</Filter>
    </Image>
    <Image Include="Textures\FireAnim\Fire006.bmp">
      <Filter>Textures\FireAnim</Filter>
    </Image>
    <Image Include="Textures\FireAnim\Fire007.bmp">
      <Filter>Textures\FireAnim</Filter>
    </Image>
    <Image Include="Textures\FireAnim\Fire008.bmp">
      <Filter>Textures\FireAnim</Filter>
    </Image>
    <Image Include="Textures\FireAnim\Fire009.bmp">
      <Filter>Textures\FireAnim</Filter>
    </Image>
    <Image Include="Textures\FireAnim\Fire010.bmp">
      <Filter>Textures\FireAnim</Filter>
    </Image>
    <Image Include="Textures\FireAnim\Fire011.bmp">
      <Filter>Textures\FireAnim</Filter>
    </Image>
    <Image Include="Textures\FireAnim\Fire012.bmp">
      <Filter>Textures\FireAnim</Filter>
    </Image>
    <Image Include="Textures\FireAnim\Fire013.bmp">
      <Filter>Textures\FireAnim</Filter>
    </Image>
    <Image Include="Textures\FireAnim\Fire014.bmp">
      <Filter>Textures\FireAnim</Filter>
    </Image>
    <Image Include="Textures\FireAnim\Fire015.bmp">
      <Filter>Textures\FireAnim</Filter>
    </Image>
    <Image Include="Textures\FireAnim\Fire016.bmp">
      <Filter>Textures\FireAnim</Filter>
    </Image>
    <Image Include="Textures\FireAnim\Fire017.bmp">
      <Filter>Textures\FireAnim</Filter>
    </Image>
    <Image Include="Textures\FireAnim\Fire018.bmp">
      <Filter>Textures\FireAnim</Filter>
    </Image>
    <Image Include="Textures\FireAnim\Fire019.bmp">
      <Filter>Textures\FireAnim</Filter>
    </Image>
    <Image Include="Textures\FireAnim\Fire020.bmp">
      <Filter>Textures\FireAnim</Filter>
    </Image>
    <Image Include="Textures\FireAnim\Fire021.bmp">
      <Filter>Textures\FireAnim</Filter>
    </Image>
    <Image Include="Textures\FireAnim\Fire022.bmp">
      <Filter>Textures\FireAnim</Filter>
    </Image>
    <Image Include="Textures\FireAnim\Fire023.bmp">
      <Filter>Textures\FireAnim</Filter>
    </Image>
    <Image Include="Textures\FireAnim\Fire024.bmp">
      <Filter>Textures\FireAnim</Filter>
    </Image>
    <Image Include="Textures\FireAnim\Fire025.bmp">
      <Filter>Textures\FireAnim</Filter>
    </Image>
    <Image Include="Textures\FireAnim\Fire026.bmp">
      <Filter>Textures\FireAnim</Filter>
    </Image>
    <Image Include="Textures\FireAnim\Fire027.bmp">
      <Filter>Textures\FireAnim</Filter>
    </Image>
    <Image Include="Textures\FireAnim\Fire028.bmp">
      <Filter>Textures\FireAnim</Filter>
    </Image>
    <Image Include="Textures\FireAnim\Fire029.bmp">
      <Filter>Textures\FireAnim</Filter>
    </Image>
    <Image Include="Textures\FireAnim\Fire030.bmp">
      <Filter>Textures\FireAnim</Filter>
    </Image>
    <Image Include="Textures\FireAnim\Fire031.bmp">
      <Filter>Textures\FireAnim</Filter>
    </Image>
    <Image Include="Textures\FireAnim\Fire032.bmp">
      <Filter>Textures\FireAnim</Filter>
    </Image>
    <Image Include="Textures\FireAnim\Fire033.bmp">
      <Filter>Textures\FireAnim</Filter>
    </Image>
    <Image Include="Textures\FireAnim\Fire034.bmp">
      <Filter>Textures\FireAnim</Filter>
    </Image>
    <Image Include="Textures\FireAnim\Fire035.bmp">
      <Filter>Textures\FireAnim</Filter>
    </Image>
    <Image Include="Textures\FireAnim\Fire036.bmp">
      <Filter>Textures\FireAnim</Filter>
    </Image>
    <Image Include="Textures\FireAnim\Fire037.bmp">
      <Filter>Textures\FireAnim</Filter>
    </Image>
    <Image Include="Textures\FireAnim\Fire038.bmp">
      <Filter>Textures\FireAnim</Filter>
    </Image>
    <Image Include="Textures\FireAnim\Fire039.bmp">
      <Filter>Textures\FireAnim</Filter>
    </Image>
    <Image Include="Textures\FireAnim\Fire040.bmp">
      <Filter>Textures\FireAnim</Filter>
    </Image>
    <Image Include="Textures\FireAnim\Fire041.bmp">
      <Filter>Textures\FireAnim</Filter>
    </Image>
    <Image Include="Textures\FireAnim\Fire042.bmp">
      <Filter>Textures\FireAnim</Filter>
    </Image>
    <Image Include="Textures\FireAnim\Fire043.bmp">
      <Filter>Textures\FireAnim</Filter>
    </Image>
    <Image Include="Textures\FireAnim\Fire044.bmp">
      <Filter>Textures\FireAnim</Filter>
    </Image>
    <Image Include="Textures\FireAnim\Fire045.bmp">
      <Filter>Textures\FireAnim</Filter>
    </Image>
    <Image Include="Textures\FireAnim\Fire046.bmp">
      <Filter>Textures\FireAnim</Filter>
    </Image>
    <Image Include="Textures\FireAnim\Fire047.bmp">
      <Filter>Textures\FireAnim</Filter>
    </Image>
    <Image Include="Textures\FireAnim\Fire048.bmp">
      <Filter>Textures\FireAnim</Filter>
    </Image>
    <Image Include="Textures\FireAnim\Fire049.bmp">
      <Filter>Textures\FireAnim</Filter>
    </Image>
    <Image Include="Textures\FireAnim\Fire050.bmp">
      <Filter>Textures\FireAnim</Filter>
    </Image>
    <Image Include="Textures\FireAnim\Fire051.bmp">
      <Filter>Textures\FireAnim</Filter>
    </Image>
    <Image Include="Textures\FireAnim\Fire052.bmp">
      <Filter>Textures\FireAnim</Filter>
    </Image>
    <Image Include="Textures\FireAnim\Fire053.bmp">
      <Filter>Textures\FireAnim</Filter>
    </Image>
    <Image Include="Textures\FireAnim\Fire054.bmp">
      <Filter>Textures\FireAnim</Filter>
    </Image>
    <Image Include="Textures\FireAnim\Fire055.bmp">
      <Filter>Textures\FireAnim</Filter>
    </Image>
    <Image Include="Textures\FireAnim\Fire056.bmp">
      <Filter>Textures\FireAnim</Filter>
    </Image>
    <Image Include="Textures\FireAnim\Fire057.bmp">
      <Filter>Textures\FireAnim</Filter>
    </Image>
    <Image Include="Textures\FireAnim\Fire058.bmp">
      <Filter>Textures\FireAnim</Filter>
    </Image>
    <Image Include="Textures\FireAnim\Fire059.bmp">
      <Filter>Textures\FireAnim</Filter>
    </Image>
    <Image Include="Textures\FireAnim\Fire060.bmp">
      <Filter>Textures\FireAnim</Filter>
    </Image>
    <Image Include="Textures\FireAnim\Fire061.bmp">
      <Filter>Textures\FireAnim</Filter>
    </Image>
    <Image Include="Textures\FireAnim\Fire062.bmp">
      <Filter>Textures\FireAnim</Filter>
    </Image>
    <Image Include="Textures\FireAnim\Fire063.bmp">
      <Filter>Textures\FireAnim</Filter>
    </Image>
    <Image Include="Textures\FireAnim\Fire064.bmp">
      <Filter>Textures\FireAnim</Filter>
    </Image>
    <Image Include="Textures\FireAnim\Fire065.bmp">
      <Filter>Textures\FireAnim</Filter>
    </Image>
    <Image Include="Textures\FireAnim\Fire066.bmp">
      <Filter>Textures\FireAnim</Filter>
    </Image>
    <Image Include="Textures\FireAnim\Fire067.bmp">
      <Filter>Textures\FireAnim</Filter>
    </Image>
    <Image Include="Textures\FireAnim\Fire068.bmp">
      <Filter>Textures\FireAnim</Filter>
    </Image>
    <Image Include="Textures\FireAnim\Fire069.bmp">
      <Filter>Textures\FireAnim</Filter>
    </Image>
    <Image Include="Textures\FireAnim\Fire070.bmp">
      <Filter>Textures\FireAnim</Filter>
    </Image>
    <Image Include="Textures\FireAnim\Fire071.bmp">
      <Filter>Textures\FireAnim</Filter>
    </Image>
    <Image Include="Textures\FireAnim\Fire072.bmp">
      <Filter>Textures\FireAnim</Filter>
    </Image>
    <Image Include="Textures\FireAnim\Fire073.bmp">
      <Filter>Textures\FireAnim</Filter>
    </Image>
    <Image Include="Textures\FireAnim\Fire074.bmp">
      <Filter>Textures\FireAnim</Filter>
    </Image>
    <Image Include="Textures\FireAnim\Fire075.bmp">
      <Filter>Textures\FireAnim</Filter>
    </Image>
    <Image Include="Textures\FireAnim\Fire076.bmp">
      <Filter>Textures\FireAnim</Filter>
    </Image>
    <Image Include="Textures\FireAnim\Fire077.bmp">
      <Filter>Textures\FireAnim</Filter>
    </Image>
    <Image Include="Textures\FireAnim\Fire078.bmp">
      <Filter>Textures\FireAnim</Filter>
    </Image>
    <Image Include="Textures\FireAnim\Fire079.bmp">
      <Filter>Textures\FireAnim</Filter>
    </Image>
    <Image Include="Textures\FireAnim\Fire080.bmp">
      <Filter>Textures\FireAnim</Filter>
    </Image>
    <Image Include="Textures\FireAnim\Fire081.bmp">
      <Filter>Textures\FireAnim</Filter>
    </Image>
    <Image Include="Textures\FireAnim\Fire082.bmp">
      <Filter>Textures\FireAnim</Filter>
    </Image>
    <Image Include="Textures\FireAnim\Fire083.bmp">
      <Filter>Textures\FireAnim</Filter>
    </Image>
    <Image Include="Textures\FireAnim\Fire084.bmp">
      <Filter>Textures\FireAnim</Filter>
    </Image>
    <Image Include="Textures\FireAnim\Fire085.bmp">
      <Filter>Textures\FireAnim</Filter>
    </Image>
    <Image Include="Textures\FireAnim\Fire086.bmp">
      <Filter>Textures\FireAnim</Filter>
    </Image>
    <Image Include="Textures\FireAnim\Fire087.bmp">
      <Filter>Textures\FireAnim</Filter>
    </Image>
    <Image Include="Textures\FireAnim\Fire088.bmp">
      <Filter>Textures\FireAnim</Filter>
    </Image>
    <Image Include="Textures\FireAnim\Fire089.bmp">
      <Filter>Textures\FireAnim</Filter>
    </Image>
    <Image Include="Textures\FireAnim\Fire090.bmp">
      <Filter>Textures\FireAnim</Filter>
    </Image>
    <Image Include="Textures\FireAnim\Fire091.bmp">
      <Filter>Textures\FireAnim</Filter>
    </Image>
    <Image Include="Textures\FireAnim\Fire092.bmp">
      <Filter>Textures\FireAnim</Filter>
    </Image>
    <Image Include="Textures\FireAnim\Fire093.bmp">
      <Filter>Textures\FireAnim</Filter>
    </Image>
    <Image Include="Textures\FireAnim\Fire094.bmp">
      <Filter>Textures\FireAnim</Filter>
    </Image>
    <Image Include="Textures\FireAnim\Fire095.bmp">
      <Filter>Textures\FireAnim</Filter>
    </Image>
    <Image Include="Textures\FireAnim\Fire096.bmp">
      <Filter>Textures\FireAnim</Filter>
    </Image>
    <Image Include="Textures\FireAnim\Fire097.bmp">
      <Filter>Textures\FireAnim</Filter>
    </Image>
    <Image Include="Textures\FireAnim\Fire098.bmp">
      <Filter>Textures\FireAnim</Filter>
    </Image>
    <Image Include="Textures\FireAnim\Fire099.bmp">
      <Filter>Textures\FireAnim</Filter>
    </Image>
    <Image Include="Textures\FireAnim\Fire100.bmp">
      <Filter>Textures\FireAnim</Filter>
    </Image>
    <Image Include="Textures\FireAnim\Fire101.bmp">
      <Filter>Textures\FireAnim</Filter>
    </Image>
    <Image Include="Textures\FireAnim\Fire102.bmp">
      <Filter>Textures\FireAnim</Filter>
    </Image>
    <Image Include="Textures\FireAnim\Fire103.bmp">
      <Filter>Textures\FireAnim</Filter>
    </Image>
    <Image Include="Textures\FireAnim\Fire104.bmp">
      <Filter>Textures\FireAnim</Filter>
    </Image>
    <Image Include="Textures\FireAnim\Fire105.bmp">
      <Filter>Textures\FireAnim</Filter>
    </Image>
    <Image Include="Textures\FireAnim\Fire106.bmp">
      <Filter>Textures\FireAnim</Filter>
    </Image>
    <Image Include="Textures\FireAnim\Fire107.bmp">
      <Filter>Textures\FireAnim</Filter>
    </Image>
    <Image Include="Textures\FireAnim\Fire108.bmp">
      <Filter>Textures\FireAnim</Filter>
    </Image>
    <Image Include="Textures\FireAnim\Fire109.bmp">
      <Filter>Textures\FireAnim</Filter>
    </Image>
    <Image Include="Textures\FireAnim\Fire110.bmp">
      <Filter>Textures\FireAnim</Filter>
    </Image>
    <Image Include="Textures\FireAnim\Fire111.bmp">
      <Filter>Textures\FireAnim</Filter>
    </Image>
    <Image Include="Textures\FireAnim\Fire112.bmp">
      <Filter>Textures\FireAnim</Filter>
    </Image>
    <Image Include="Textures\FireAnim\Fire113.bmp">
      <Filter>Textures\FireAnim</Filter>
    </Image>
    <Image Include="Textures\FireAnim\Fire114.bmp">
      <Filter>Textures\FireAnim</Filter>
    </Image>
    <Image Include="Textures\FireAnim\Fire115.bmp">
      <Filter>Textures\FireAnim</Filter>
    </Image>
    <Image Include="Textures\FireAnim\Fire116.bmp">
      <Filter>Textures\FireAnim</Filter>
    </Image>
    <Image Include="Textures\FireAnim\Fire117.bmp">
      <Filter>Textures\FireAnim</Filter>
    </Image>
    <Image Include="Textures\FireAnim\Fire118.bmp">
      <Filter>Textures\FireAnim</Filter>
    </Image>
    <Image Include="Textures\FireAnim\Fire119.bmp">
      <Filter>Textures\FireAnim</Filter>
    </Image>
    <Image Include="Textures\FireAnim\Fire120.bmp">
      <Filter>Textures\FireAnim</Filter>
    </Image>
    <Image Include="Textures\WireFence.dds">
      <Filter>Textures</Filter>
    </Image>
  </ItemGroup>
</Project>